
Microsoft Visual Studio Solution File, Format Version 12.00
# Visual Studio Version 17
VisualStudioVersion = 17.7.34202.233
MinimumVisualStudioVersion = 10.0.40219.1
Project("{FAE04EC0-301F-11D3-BF4B-00C04F79EFBC}") = "config_app", "config_app.csproj", "{701D3F8C-7412-4520-9850-7B9C0EAB7A06}"
EndProject
Global
	GlobalSection(SolutionConfigurationPlatforms) = preSolution
		Debug|Any CPU = Debug|Any CPU
		Release|Any CPU = Release|Any CPU
	EndGlobalSection
	GlobalSection(ProjectConfigurationPlatforms) = postSolution
		{701D3F8C-7412-4520-9850-7B9C0EAB7A06}.Debug|Any CPU.ActiveCfg = Debug|Any CPU
		{701D3F8C-7412-4520-9850-7B9C0EAB7A06}.Debug|Any CPU.Build.0 = Debug|Any CPU
		{701D3F8C-7412-4520-9850-7B9C0EAB7A06}.Release|Any CPU.ActiveCfg = Release|Any CPU
		{701D3F8C-7412-4520-9850-7B9C0EAB7A06}.Release|Any CPU.Build.0 = Release|Any CPU
	EndGlobalSection
	GlobalSection(SolutionProperties) = preSolution
		HideSolutionNode = FALSE
	EndGlobalSection
	GlobalSection(ExtensibilityGlobals) = postSolution
		SolutionGuid = {D10DEE43-FB9E-4BAE-93F3-1A397D7F36E8}
	EndGlobalSection
EndGlobal
